github.com/HugoBlox/hugo-blox-builder/modules/blox-bootstrap/v5 v5.9.7-0.20231108143325-448ed0e3bd2b h1:5xDE5hd1KTEDX+s6skzWZmDP9m27eL03X5qREPlQORw=
github.com/HugoBlox/hugo-blox-builder/modules/blox-bootstrap/v5 v5.9.7-0.20231108143325-448ed0e3bd2b/go.mod h1:xZiTEEurbEwj/NhZohozvlyLCGVCT2wARHDAJeqKG/c=
github.com/HugoBlox/hugo-blox-builder/modules/blox-core v0.3.1/go.mod h1:So8+V2U+TNxlXmcpZfdDX0muLh3PdJ7z92h30sv3bZg=
github.com/HugoBlox/hugo-blox-builder/modules/blox-plugin-decap-cms v0.1.2-0.20231108143325-448ed0e3bd2b h1:pOYZJXK2hahVeW/FcVuBoFdvtR3DpsDDZVcbGnMNEdQ=
github.com/HugoBlox/hugo-blox-builder/modules/blox-plugin-decap-cms v0.1.2-0.20231108143325-448ed0e3bd2b/go.mod h1:Njlsj3S1Z833TdX1nacJZzsiwGGhOq4Nilzo2BH/wQ8=
github.com/HugoBlox/hugo-blox-builder/modules/blox-plugin-netlify v1.1.2-0.20231108143325-448ed0e3bd2b h1:W8YVjA0quc4omsSJbsf80MRlB8Cd9DXnqlgYehikezM=
github.com/HugoBlox/hugo-blox-builder/modules/blox-plugin-netlify v1.1.2-0.20231108143325-448ed0e3bd2b/go.mod h1:C7jfxMLv1bEUqbM9XDSmEpfOpS8w06OgqNDEcbuRgL4=
github.com/HugoBlox/hugo-blox-builder/modules/blox-seo v0.2.2/go.mod h1:NsESu6cEms1DgH84icCyylElg2Zu8A0f7Fma5JR0LZE=
github.com/wowchemy/wowchemy-hugo-modules/wowchemy v0.0.0-20210209220000-aa4fe0c75726 h1:0el025jqd8fqt+BtIt71cJz28GuMMdj1AUUozw8SBAQ=
github.com/wowchemy/wowchemy-hugo-modules/wowchemy v0.0.0-20210209220000-aa4fe0c75726/go.mod h1:H22qfH9qj3FWwsk7+bAZpmT24yRGNQURah2/IRwjbn8=
github.com/wowchemy/wowchemy-hugo-modules/wowchemy-cms v0.0.0-20210209220000-aa4fe0c75726 h1:RC0nrHvtVgFRPpxE2Pz7iGFoNV8EAa3Vom9mKUV4RSk=
github.com/wowchemy/wowchemy-hugo-modules/wowchemy-cms v0.0.0-20210209220000-aa4fe0c75726/go.mod h1:AKpYbqUVlj0VYsc7Jsxe1o8Ko2yV31A5ZPdfpACcXJw=
